
Microsoft Visual Studio Solution File, Format Version 12.00
# Visual Studio 15
VisualStudioVersion = 15.0.27703.2000
MinimumVisualStudioVersion = 10.0.40219.1
Project("{FAE04EC0-301F-11D3-BF4B-00C04F79EFBC}") = "DecisionEngine", "DecisionEngine\DecisionEngine.csproj", "{53F8588D-0D73-41AF-AAC5-2B1089AFA565}"
EndProject
Project("{FAE04EC0-301F-11D3-BF4B-00C04F79EFBC}") = "DecisionEngineUI", "DecisionEngineUI\DecisionEngineUI.csproj", "{501F2449-E005-41EF-B53D-8CC004D87C75}"
EndProject
Global
	GlobalSection(SolutionConfigurationPlatforms) = preSolution
		Debug|Any CPU = Debug|Any CPU
		Release|Any CPU = Release|Any CPU
	EndGlobalSection
	GlobalSection(ProjectConfigurationPlatforms) = postSolution
		{53F8588D-0D73-41AF-AAC5-2B1089AFA565}.Debug|Any CPU.ActiveCfg = Debug|Any CPU
		{53F8588D-0D73-41AF-AAC5-2B1089AFA565}.Debug|Any CPU.Build.0 = Debug|Any CPU
		{53F8588D-0D73-41AF-AAC5-2B1089AFA565}.Release|Any CPU.ActiveCfg = Release|Any CPU
		{53F8588D-0D73-41AF-AAC5-2B1089AFA565}.Release|Any CPU.Build.0 = Release|Any CPU
		{501F2449-E005-41EF-B53D-8CC004D87C75}.Debug|Any CPU.ActiveCfg = Debug|Any CPU
		{501F2449-E005-41EF-B53D-8CC004D87C75}.Debug|Any CPU.Build.0 = Debug|Any CPU
		{501F2449-E005-41EF-B53D-8CC004D87C75}.Release|Any CPU.ActiveCfg = Release|Any CPU
		{501F2449-E005-41EF-B53D-8CC004D87C75}.Release|Any CPU.Build.0 = Release|Any CPU
	EndGlobalSection
	GlobalSection(SolutionProperties) = preSolution
		HideSolutionNode = FALSE
	EndGlobalSection
	GlobalSection(ExtensibilityGlobals) = postSolution
		SolutionGuid = {B26A8F00-B5D1-4762-8A0D-D97FF96F4CDF}
	EndGlobalSection
EndGlobal
